// !$*UTF8*$!
{
	archiveVersion = 1;
	classes = {
	};
	objectVersion = 56;
	objects = {

/* Begin PBXBuildFile section */
		F74324C42981635B00C61C25 /* MainMenuButtonStyle.swift in Sources */ = {isa = PBXBuildFile; fileRef = F74324C32981635B00C61C25 /* MainMenuButtonStyle.swift */; };
		F74324C72981639F00C61C25 /* MainMenuView.swift in Sources */ = {isa = PBXBuildFile; fileRef = F74324C62981639F00C61C25 /* MainMenuView.swift */; };
		F7802EAA2981811100B8B2D8 /* GameSetupView.swift in Sources */ = {isa = PBXBuildFile; fileRef = F7802EA92981811100B8B2D8 /* GameSetupView.swift */; };
		F79359A4298113AA00F5EFDD /* BigBrainTimeApp.swift in Sources */ = {isa = PBXBuildFile; fileRef = F79359A3298113AA00F5EFDD /* BigBrainTimeApp.swift */; };
		F79359A6298113AA00F5EFDD /* ContentView.swift in Sources */ = {isa = PBXBuildFile; fileRef = F79359A5298113AA00F5EFDD /* ContentView.swift */; };
		F79359A8298113AB00F5EFDD /* Assets.xcassets in Resources */ = {isa = PBXBuildFile; fileRef = F79359A7298113AB00F5EFDD /* Assets.xcassets */; };
		F79359AB298113AB00F5EFDD /* Preview Assets.xcassets in Resources */ = {isa = PBXBuildFile; fileRef = F79359AA298113AB00F5EFDD /* Preview Assets.xcassets */; };
		F79359B62981182200F5EFDD /* Fonts.swift in Sources */ = {isa = PBXBuildFile; fileRef = F79359B52981182200F5EFDD /* Fonts.swift */; };
		F7A54853298287D000BBDC89 /* GameModels.swift in Sources */ = {isa = PBXBuildFile; fileRef = F7A54852298287D000BBDC89 /* GameModels.swift */; };
		F7A54856298288CA00BBDC89 /* QuestionBuilder.swift in Sources */ = {isa = PBXBuildFile; fileRef = F7A54855298288C900BBDC89 /* QuestionBuilder.swift */; };
		F7A5485F2982B6A400BBDC89 /* GameView.swift in Sources */ = {isa = PBXBuildFile; fileRef = F7A5485E2982B6A400BBDC89 /* GameView.swift */; };
/* End PBXBuildFile section */

/* Begin PBXFileReference section */
		F74324C32981635B00C61C25 /* MainMenuButtonStyle.swift */ = {isa = PBXFileReference; lastKnownFileType = sourcecode.swift; path = MainMenuButtonStyle.swift; sourceTree = "<group>"; };
		F74324C62981639F00C61C25 /* MainMenuView.swift */ = {isa = PBXFileReference; lastKnownFileType = sourcecode.swift; path = MainMenuView.swift; sourceTree = "<group>"; };
		F7802EA92981811100B8B2D8 /* GameSetupView.swift */ = {isa = PBXFileReference; lastKnownFileType = sourcecode.swift; path = GameSetupView.swift; sourceTree = "<group>"; };
		F79359A0298113AA00F5EFDD /* BigBrainTime.app */ = {isa = PBXFileReference; explicitFileType = wrapper.application; includeInIndex = 0; path = BigBrainTime.app; sourceTree = BUILT_PRODUCTS_DIR; };
		F79359A3298113AA00F5EFDD /* BigBrainTimeApp.swift */ = {isa = PBXFileReference; lastKnownFileType = sourcecode.swift; path = BigBrainTimeApp.swift; sourceTree = "<group>"; };
		F79359A5298113AA00F5EFDD /* ContentView.swift */ = {isa = PBXFileReference; lastKnownFileType = sourcecode.swift; path = ContentView.swift; sourceTree = "<group>"; };
		F79359A7298113AB00F5EFDD /* Assets.xcassets */ = {isa = PBXFileReference; lastKnownFileType = folder.assetcatalog; path = Assets.xcassets; sourceTree = "<group>"; };
		F79359AA298113AB00F5EFDD /* Preview Assets.xcassets */ = {isa = PBXFileReference; lastKnownFileType = folder.assetcatalog; path = "Preview Assets.xcassets"; sourceTree = "<group>"; };
		F79359B52981182200F5EFDD /* Fonts.swift */ = {isa = PBXFileReference; lastKnownFileType = sourcecode.swift; path = Fonts.swift; sourceTree = "<group>"; };
		F7A54852298287D000BBDC89 /* GameModels.swift */ = {isa = PBXFileReference; lastKnownFileType = sourcecode.swift; path = GameModels.swift; sourceTree = "<group>"; };
		F7A54855298288C900BBDC89 /* QuestionBuilder.swift */ = {isa = PBXFileReference; lastKnownFileType = sourcecode.swift; path = QuestionBuilder.swift; sourceTree = "<group>"; };
		F7A5485E2982B6A400BBDC89 /* GameView.swift */ = {isa = PBXFileReference; lastKnownFileType = sourcecode.swift; path = GameView.swift; sourceTree = "<group>"; };
/* End PBXFileReference section */

/* Begin PBXFrameworksBuildPhase section */
		F793599D298113AA00F5EFDD /* Frameworks */ = {
			isa = PBXFrameworksBuildPhase;
			buildActionMask = 2147483647;
			files = (
			);
			runOnlyForDeploymentPostprocessing = 0;
		};
/* End PBXFrameworksBuildPhase section */

/* Begin PBXGroup section */
		F74324C22981631800C61C25 /* ButtonStyles */ = {
			isa = PBXGroup;
			children = (
				F74324C32981635B00C61C25 /* MainMenuButtonStyle.swift */,
			);
			path = ButtonStyles;
			sourceTree = "<group>";
		};
		F74324C52981636F00C61C25 /* Views */ = {
			isa = PBXGroup;
			children = (
				F74324C9298163C600C61C25 /* MainMenu */,
				F7802EA8298180FF00B8B2D8 /* GameSetup */,
				F7A5485D2982B68B00BBDC89 /* Game */,
			);
			path = Views;
			sourceTree = "<group>";
		};
		F74324C9298163C600C61C25 /* MainMenu */ = {
			isa = PBXGroup;
			children = (
				F74324C62981639F00C61C25 /* MainMenuView.swift */,
			);
			path = MainMenu;
			sourceTree = "<group>";
		};
		F7802EA8298180FF00B8B2D8 /* GameSetup */ = {
			isa = PBXGroup;
			children = (
				F7802EA92981811100B8B2D8 /* GameSetupView.swift */,
			);
			path = GameSetup;
			sourceTree = "<group>";
		};
		F7935997298113AA00F5EFDD = {
			isa = PBXGroup;
			children = (
				F79359A2298113AA00F5EFDD /* BigBrainTime */,
				F79359A1298113AA00F5EFDD /* Products */,
			);
			sourceTree = "<group>";
		};
		F79359A1298113AA00F5EFDD /* Products */ = {
			isa = PBXGroup;
			children = (
				F79359A0298113AA00F5EFDD /* BigBrainTime.app */,
			);
			name = Products;
			sourceTree = "<group>";
		};
		F79359A2298113AA00F5EFDD /* BigBrainTime */ = {
			isa = PBXGroup;
			children = (
				F79359B12981179F00F5EFDD /* Main */,
				F7A548512982879F00BBDC89 /* Data */,
				F79359B2298117BE00F5EFDD /* UI */,
				F74324C52981636F00C61C25 /* Views */,
				F79359A7298113AB00F5EFDD /* Assets.xcassets */,
				F79359A9298113AB00F5EFDD /* Preview Content */,
			);
			path = BigBrainTime;
			sourceTree = "<group>";
		};
		F79359A9298113AB00F5EFDD /* Preview Content */ = {
			isa = PBXGroup;
			children = (
				F79359AA298113AB00F5EFDD /* Preview Assets.xcassets */,
			);
			path = "Preview Content";
			sourceTree = "<group>";
		};
		F79359B12981179F00F5EFDD /* Main */ = {
			isa = PBXGroup;
			children = (
				F79359A3298113AA00F5EFDD /* BigBrainTimeApp.swift */,
				F79359A5298113AA00F5EFDD /* ContentView.swift */,
			);
			path = Main;
			sourceTree = "<group>";
		};
		F79359B2298117BE00F5EFDD /* UI */ = {
			isa = PBXGroup;
			children = (
				F79359B52981182200F5EFDD /* Fonts.swift */,
				F74324C22981631800C61C25 /* ButtonStyles */,
			);
			path = UI;
			sourceTree = "<group>";
		};
		F7A548512982879F00BBDC89 /* Data */ = {
			isa = PBXGroup;
			children = (
				F7A54855298288C900BBDC89 /* QuestionBuilder.swift */,
				F7A548542982889100BBDC89 /* Models */,
			);
			path = Data;
			sourceTree = "<group>";
		};
		F7A548542982889100BBDC89 /* Models */ = {
			isa = PBXGroup;
			children = (
				F7A54852298287D000BBDC89 /* GameModels.swift */,
			);
			path = Models;
			sourceTree = "<group>";
		};
		F7A5485D2982B68B00BBDC89 /* Game */ = {
			isa = PBXGroup;
			children = (
				F7A5485E2982B6A400BBDC89 /* GameView.swift */,
			);
			path = Game;
			sourceTree = "<group>";
		};
/* End PBXGroup section */

/* Begin PBXNativeTarget section */
		F793599F298113AA00F5EFDD /* BigBrainTime */ = {
			isa = PBXNativeTarget;
			buildConfigurationList = F79359AE298113AB00F5EFDD /* Build configuration list for PBXNativeTarget "BigBrainTime" */;
			buildPhases = (
				F793599C298113AA00F5EFDD /* Sources */,
				F793599D298113AA00F5EFDD /* Frameworks */,
				F793599E298113AA00F5EFDD /* Resources */,
			);
			buildRules = (
			);
			dependencies = (
			);
			name = BigBrainTime;
			productName = BigBrainTime;
			productReference = F79359A0298113AA00F5EFDD /* BigBrainTime.app */;
			productType = "com.apple.product-type.application";
		};
/* End PBXNativeTarget section */

/* Begin PBXProject section */
		F7935998298113AA00F5EFDD /* Project object */ = {
			isa = PBXProject;
			attributes = {
				BuildIndependentTargetsInParallel = 1;
				LastSwiftUpdateCheck = 1420;
				LastUpgradeCheck = 1420;
				TargetAttributes = {
					F793599F298113AA00F5EFDD = {
						CreatedOnToolsVersion = 14.2;
					};
				};
			};
			buildConfigurationList = F793599B298113AA00F5EFDD /* Build configuration list for PBXProject "BigBrainTime" */;
			compatibilityVersion = "Xcode 14.0";
			developmentRegion = en;
			hasScannedForEncodings = 0;
			knownRegions = (
				en,
				Base,
			);
			mainGroup = F7935997298113AA00F5EFDD;
			productRefGroup = F79359A1298113AA00F5EFDD /* Products */;
			projectDirPath = "";
			projectRoot = "";
			targets = (
				F793599F298113AA00F5EFDD /* BigBrainTime */,
			);
		};
/* End PBXProject section */

/* Begin PBXResourcesBuildPhase section */
		F793599E298113AA00F5EFDD /* Resources */ = {
			isa = PBXResourcesBuildPhase;
			buildActionMask = 2147483647;
			files = (
				F79359AB298113AB00F5EFDD /* Preview Assets.xcassets in Resources */,
				F79359A8298113AB00F5EFDD /* Assets.xcassets in Resources */,
			);
			runOnlyForDeploymentPostprocessing = 0;
		};
/* End PBXResourcesBuildPhase section */

/* Begin PBXSourcesBuildPhase section */
		F793599C298113AA00F5EFDD /* Sources */ = {
			isa = PBXSourcesBuildPhase;
			buildActionMask = 2147483647;
			files = (
				F7A54853298287D000BBDC89 /* GameModels.swift in Sources */,
				F74324C72981639F00C61C25 /* MainMenuView.swift in Sources */,
				F79359B62981182200F5EFDD /* Fonts.swift in Sources */,
				F79359A6298113AA00F5EFDD /* ContentView.swift in Sources */,
				F7A5485F2982B6A400BBDC89 /* GameView.swift in Sources */,
				F79359A4298113AA00F5EFDD /* BigBrainTimeApp.swift in Sources */,
				F7802EAA2981811100B8B2D8 /* GameSetupView.swift in Sources */,
				F74324C42981635B00C61C25 /* MainMenuButtonStyle.swift in Sources */,
				F7A54856298288CA00BBDC89 /* QuestionBuilder.swift in Sources */,
			);
			runOnlyForDeploymentPostprocessing = 0;
		};
/* End PBXSourcesBuildPhase section */

/* Begin XCBuildConfiguration section */
		F79359AC298113AB00F5EFDD /* Debug */ = {
			isa = XCBuildConfiguration;
			buildSettings = {
				ALWAYS_SEARCH_USER_PATHS = NO;
				CLANG_ANALYZER_NONNULL = YES;
				CLANG_ANALYZER_NUMBER_OBJECT_CONVERSION = YES_AGGRESSIVE;
				CLANG_CXX_LANGUAGE_STANDARD = "gnu++20";
				CLANG_ENABLE_MODULES = YES;
				CLANG_ENABLE_OBJC_ARC = YES;
				CLANG_ENABLE_OBJC_WEAK = YES;
				CLANG_WARN_BLOCK_CAPTURE_AUTORELEASING = YES;
				CLANG_WARN_BOOL_CONVERSION = YES;
				CLANG_WARN_COMMA = YES;
				CLANG_WARN_CONSTANT_CONVERSION = YES;
				CLANG_WARN_DEPRECATED_OBJC_IMPLEMENTATIONS = YES;
				CLANG_WARN_DIRECT_OBJC_ISA_USAGE = YES_ERROR;
				CLANG_WARN_DOCUMENTATION_COMMENTS = YES;
				CLANG_WARN_EMPTY_BODY = YES;
				CLANG_WARN_ENUM_CONVERSION = YES;
				CLANG_WARN_INFINITE_RECURSION = YES;
				CLANG_WARN_INT_CONVERSION = YES;
				CLANG_WARN_NON_LITERAL_NULL_CONVERSION = YES;
				CLANG_WARN_OBJC_IMPLICIT_RETAIN_SELF = YES;
				CLANG_WARN_OBJC_LITERAL_CONVERSION = YES;
				CLANG_WARN_OBJC_ROOT_CLASS = YES_ERROR;
				CLANG_WARN_QUOTED_INCLUDE_IN_FRAMEWORK_HEADER = YES;
				CLANG_WARN_RANGE_LOOP_ANALYSIS = YES;
				CLANG_WARN_STRICT_PROTOTYPES = YES;
				CLANG_WARN_SUSPICIOUS_MOVE = YES;
				CLANG_WARN_UNGUARDED_AVAILABILITY = YES_AGGRESSIVE;
				CLANG_WARN_UNREACHABLE_CODE = YES;
				CLANG_WARN__DUPLICATE_METHOD_MATCH = YES;
				COPY_PHASE_STRIP = NO;
				DEBUG_INFORMATION_FORMAT = dwarf;
				ENABLE_STRICT_OBJC_MSGSEND = YES;
				ENABLE_TESTABILITY = YES;
				GCC_C_LANGUAGE_STANDARD = gnu11;
				GCC_DYNAMIC_NO_PIC = NO;
				GCC_NO_COMMON_BLOCKS = YES;
				GCC_OPTIMIZATION_LEVEL = 0;
				GCC_PREPROCESSOR_DEFINITIONS = (
					"DEBUG=1",
					"$(inherited)",
				);
				GCC_WARN_64_TO_32_BIT_CONVERSION = YES;
				GCC_WARN_ABOUT_RETURN_TYPE = YES_ERROR;
				GCC_WARN_UNDECLARED_SELECTOR = YES;
				GCC_WARN_UNINITIALIZED_AUTOS = YES_AGGRESSIVE;
				GCC_WARN_UNUSED_FUNCTION = YES;
				GCC_WARN_UNUSED_VARIABLE = YES;
				IPHONEOS_DEPLOYMENT_TARGET = 16.2;
				MTL_ENABLE_DEBUG_INFO = INCLUDE_SOURCE;
				MTL_FAST_MATH = YES;
				ONLY_ACTIVE_ARCH = YES;
				SDKROOT = iphoneos;
				SWIFT_ACTIVE_COMPILATION_CONDITIONS = DEBUG;
				SWIFT_OPTIMIZATION_LEVEL = "-Onone";
			};
			name = Debug;
		};
		F79359AD298113AB00F5EFDD /* Release */ = {
			isa = XCBuildConfiguration;
			buildSettings = {
				ALWAYS_SEARCH_USER_PATHS = NO;
				CLANG_ANALYZER_NONNULL = YES;
				CLANG_ANALYZER_NUMBER_OBJECT_CONVERSION = YES_AGGRESSIVE;
				CLANG_CXX_LANGUAGE_STANDARD = "gnu++20";
				CLANG_ENABLE_MODULES = YES;
				CLANG_ENABLE_OBJC_ARC = YES;
				CLANG_ENABLE_OBJC_WEAK = YES;
				CLANG_WARN_BLOCK_CAPTURE_AUTORELEASING = YES;
				CLANG_WARN_BOOL_CONVERSION = YES;
				CLANG_WARN_COMMA = YES;
				CLANG_WARN_CONSTANT_CONVERSION = YES;
				CLANG_WARN_DEPRECATED_OBJC_IMPLEMENTATIONS = YES;
				CLANG_WARN_DIRECT_OBJC_ISA_USAGE = YES_ERROR;
				CLANG_WARN_DOCUMENTATION_COMMENTS = YES;
				CLANG_WARN_EMPTY_BODY = YES;
				CLANG_WARN_ENUM_CONVERSION = YES;
				CLANG_WARN_INFINITE_RECURSION = YES;
				CLANG_WARN_INT_CONVERSION = YES;
				CLANG_WARN_NON_LITERAL_NULL_CONVERSION = YES;
				CLANG_WARN_OBJC_IMPLICIT_RETAIN_SELF = YES;
				CLANG_WARN_OBJC_LITERAL_CONVERSION = YES;
				CLANG_WARN_OBJC_ROOT_CLASS = YES_ERROR;
				CLANG_WARN_QUOTED_INCLUDE_IN_FRAMEWORK_HEADER = YES;
				CLANG_WARN_RANGE_LOOP_ANALYSIS = YES;
				CLANG_WARN_STRICT_PROTOTYPES = YES;
				CLANG_WARN_SUSPICIOUS_MOVE = YES;
				CLANG_WARN_UNGUARDED_AVAILABILITY = YES_AGGRESSIVE;
				CLANG_WARN_UNREACHABLE_CODE = YES;
				CLANG_WARN__DUPLICATE_METHOD_MATCH = YES;
				COPY_PHASE_STRIP = NO;
				DEBUG_INFORMATION_FORMAT = "dwarf-with-dsym";
				ENABLE_NS_ASSERTIONS = NO;
				ENABLE_STRICT_OBJC_MSGSEND = YES;
				GCC_C_LANGUAGE_STANDARD = gnu11;
				GCC_NO_COMMON_BLOCKS = YES;
				GCC_WARN_64_TO_32_BIT_CONVERSION = YES;
				GCC_WARN_ABOUT_RETURN_TYPE = YES_ERROR;
				GCC_WARN_UNDECLARED_SELECTOR = YES;
				GCC_WARN_UNINITIALIZED_AUTOS = YES_AGGRESSIVE;
				GCC_WARN_UNUSED_FUNCTION = YES;
				GCC_WARN_UNUSED_VARIABLE = YES;
				IPHONEOS_DEPLOYMENT_TARGET = 16.2;
				MTL_ENABLE_DEBUG_INFO = NO;
				MTL_FAST_MATH = YES;
				SDKROOT = iphoneos;
				SWIFT_COMPILATION_MODE = wholemodule;
				SWIFT_OPTIMIZATION_LEVEL = "-O";
				VALIDATE_PRODUCT = YES;
			};
			name = Release;
		};
		F79359AF298113AB00F5EFDD /* Debug */ = {
			isa = XCBuildConfiguration;
			buildSettings = {
				ASSETCATALOG_COMPILER_APPICON_NAME = AppIcon;
				ASSETCATALOG_COMPILER_GLOBAL_ACCENT_COLOR_NAME = AccentColor;
				CODE_SIGN_STYLE = Automatic;
				CURRENT_PROJECT_VERSION = 1;
				DEVELOPMENT_ASSET_PATHS = "\"BigBrainTime/Preview Content\"";
				DEVELOPMENT_TEAM = F8K3NNJ85M;
				ENABLE_PREVIEWS = YES;
				GENERATE_INFOPLIST_FILE = YES;
				INFOPLIST_KEY_UIApplicationSceneManifest_Generation = YES;
				INFOPLIST_KEY_UIApplicationSupportsIndirectInputEvents = YES;
				INFOPLIST_KEY_UILaunchScreen_Generation = YES;
				INFOPLIST_KEY_UISupportedInterfaceOrientations_iPad = "UIInterfaceOrientationPortrait UIInterfaceOrientationPortraitUpsideDown UIInterfaceOrientationLandscapeLeft UIInterfaceOrientationLandscapeRight";
				INFOPLIST_KEY_UISupportedInterfaceOrientations_iPhone = "UIInterfaceOrientationPortrait UIInterfaceOrientationLandscapeLeft UIInterfaceOrientationLandscapeRight";
				LD_RUNPATH_SEARCH_PATHS = (
					"$(inherited)",
					"@executable_path/Frameworks",
				);
				MARKETING_VERSION = 1.0;
				PRODUCT_BUNDLE_IDENTIFIER = MiroslavBorek.BigBrainTime;
				PRODUCT_NAME = "$(TARGET_NAME)";
				SWIFT_EMIT_LOC_STRINGS = YES;
				SWIFT_VERSION = 5.0;
				TARGETED_DEVICE_FAMILY = "1,2";
			};
			name = Debug;
		};
		F79359B0298113AB00F5EFDD /* Release */ = {
			isa = XCBuildConfiguration;
			buildSettings = {
				ASSETCATALOG_COMPILER_APPICON_NAME = AppIcon;
				ASSETCATALOG_COMPILER_GLOBAL_ACCENT_COLOR_NAME = AccentColor;
				CODE_SIGN_STYLE = Automatic;
				CURRENT_PROJECT_VERSION = 1;
				DEVELOPMENT_ASSET_PATHS = "\"BigBrainTime/Preview Content\"";
				DEVELOPMENT_TEAM = F8K3NNJ85M;
				ENABLE_PREVIEWS = YES;
				GENERATE_INFOPLIST_FILE = YES;
				INFOPLIST_KEY_UIApplicationSceneManifest_Generation = YES;
				INFOPLIST_KEY_UIApplicationSupportsIndirectInputEvents = YES;
				INFOPLIST_KEY_UILaunchScreen_Generation = YES;
				INFOPLIST_KEY_UISupportedInterfaceOrientations_iPad = "UIInterfaceOrientationPortrait UIInterfaceOrientationPortraitUpsideDown UIInterfaceOrientationLandscapeLeft UIInterfaceOrientationLandscapeRight";
				INFOPLIST_KEY_UISupportedInterfaceOrientations_iPhone = "UIInterfaceOrientationPortrait UIInterfaceOrientationLandscapeLeft UIInterfaceOrientationLandscapeRight";
				LD_RUNPATH_SEARCH_PATHS = (
					"$(inherited)",
					"@executable_path/Frameworks",
				);
				MARKETING_VERSION = 1.0;
				PRODUCT_BUNDLE_IDENTIFIER = MiroslavBorek.BigBrainTime;
				PRODUCT_NAME = "$(TARGET_NAME)";
				SWIFT_EMIT_LOC_STRINGS = YES;
				SWIFT_VERSION = 5.0;
				TARGETED_DEVICE_FAMILY = "1,2";
			};
			name = Release;
		};
/* End XCBuildConfiguration section */

/* Begin XCConfigurationList section */
		F793599B298113AA00F5EFDD /* Build configuration list for PBXProject "BigBrainTime" */ = {
			isa = XCConfigurationList;
			buildConfigurations = (
				F79359AC298113AB00F5EFDD /* Debug */,
				F79359AD298113AB00F5EFDD /* Release */,
			);
			defaultConfigurationIsVisible = 0;
			defaultConfigurationName = Release;
		};
		F79359AE298113AB00F5EFDD /* Build configuration list for PBXNativeTarget "BigBrainTime" */ = {
			isa = XCConfigurationList;
			buildConfigurations = (
				F79359AF298113AB00F5EFDD /* Debug */,
				F79359B0298113AB00F5EFDD /* Release */,
			);
			defaultConfigurationIsVisible = 0;
			defaultConfigurationName = Release;
		};
/* End XCConfigurationList section */
	};
	rootObject = F7935998298113AA00F5EFDD /* Project object */;
}
